
Microsoft Visual Studio Solution File, Format Version 12.00
# Visual Studio 15
VisualStudioVersion = 15.0.28010.2003
MinimumVisualStudioVersion = 10.0.40219.1
Project("{9A19103F-16F7-4668-BE54-9A1E7A4F7556}") = "MakanalTech.CommonEntities", "MakanalTech.CommonEntities\MakanalTech.CommonEntities.csproj", "{9D717753-E222-4745-8E50-171D40B2CFF8}"
EndProject
Project("{9A19103F-16F7-4668-BE54-9A1E7A4F7556}") = "MakanalTech.CommonEntities.Test", "MakanalTech.CommonEntities.Test\MakanalTech.CommonEntities.Test.csproj", "{7477AD59-827E-4E58-98DA-6152539B1F34}"
EndProject
Global
	GlobalSection(SolutionConfigurationPlatforms) = preSolution
		Debug|Any CPU = Debug|Any CPU
		Release|Any CPU = Release|Any CPU
	EndGlobalSection
	GlobalSection(ProjectConfigurationPlatforms) = postSolution
		{9D717753-E222-4745-8E50-171D40B2CFF8}.Debug|Any CPU.ActiveCfg = Debug|Any CPU
		{9D717753-E222-4745-8E50-171D40B2CFF8}.Debug|Any CPU.Build.0 = Debug|Any CPU
		{9D717753-E222-4745-8E50-171D40B2CFF8}.Release|Any CPU.ActiveCfg = Release|Any CPU
		{9D717753-E222-4745-8E50-171D40B2CFF8}.Release|Any CPU.Build.0 = Release|Any CPU
		{7477AD59-827E-4E58-98DA-6152539B1F34}.Debug|Any CPU.ActiveCfg = Debug|Any CPU
		{7477AD59-827E-4E58-98DA-6152539B1F34}.Debug|Any CPU.Build.0 = Debug|Any CPU
		{7477AD59-827E-4E58-98DA-6152539B1F34}.Release|Any CPU.ActiveCfg = Release|Any CPU
		{7477AD59-827E-4E58-98DA-6152539B1F34}.Release|Any CPU.Build.0 = Release|Any CPU
	EndGlobalSection
	GlobalSection(SolutionProperties) = preSolution
		HideSolutionNode = FALSE
	EndGlobalSection
	GlobalSection(ExtensibilityGlobals) = postSolution
		SolutionGuid = {86095679-BEF1-435F-B30A-F209FD606FE5}
	EndGlobalSection
EndGlobal
